
Microsoft Visual Studio Solution File, Format Version 12.00
# Visual Studio 2013
VisualStudioVersion = 12.0.31101.0
MinimumVisualStudioVersion = 10.0.40219.1
Project("{9092AA53-FB77-4645-B42D-1CCCA6BD08BD}") = "MessageAuditHub.Portal", "MessageAuditHub.Portal\MessageAuditHub.Portal.njsproj", "{846EFD34-0C6F-4AEF-9717-0A81932E25D9}"
EndProject
Project("{FAE04EC0-301F-11D3-BF4B-00C04F79EFBC}") = "AuditHubCentral", "AuditHubCentral\AuditHubCentral.csproj", "{058F58C9-E5DA-4D52-85AE-E6E174C4D342}"
EndProject
Project("{2150E333-8FDC-42A3-9474-1A3956D46DE8}") = ".nuget", ".nuget", "{7070B596-F5E1-40FA-8397-0C2D86DF145B}"
	ProjectSection(SolutionItems) = preProject
		.nuget\NuGet.Config = .nuget\NuGet.Config
		.nuget\NuGet.exe = .nuget\NuGet.exe
		.nuget\NuGet.targets = .nuget\NuGet.targets
	EndProjectSection
EndProject
Project("{2150E333-8FDC-42A3-9474-1A3956D46DE8}") = "migration", "migration", "{4B72ACF9-B062-43D7-8C3D-8AC7E6327747}"
	ProjectSection(SolutionItems) = preProject
		..\scripts\migration\readme.txt = ..\scripts\migration\readme.txt
		..\scripts\migration\update.js = ..\scripts\migration\update.js
	EndProjectSection
EndProject
Project("{FAE04EC0-301F-11D3-BF4B-00C04F79EFBC}") = "ReIndexer", "ReIndexer\ReIndexer.csproj", "{48D86BDB-7345-4BAE-B6D6-98526070B161}"
EndProject
Global
	GlobalSection(SolutionConfigurationPlatforms) = preSolution
		Debug|Any CPU = Debug|Any CPU
		Release|Any CPU = Release|Any CPU
		Test|Any CPU = Test|Any CPU
	EndGlobalSection
	GlobalSection(ProjectConfigurationPlatforms) = postSolution
		{846EFD34-0C6F-4AEF-9717-0A81932E25D9}.Debug|Any CPU.ActiveCfg = Debug|Any CPU
		{846EFD34-0C6F-4AEF-9717-0A81932E25D9}.Debug|Any CPU.Build.0 = Debug|Any CPU
		{846EFD34-0C6F-4AEF-9717-0A81932E25D9}.Release|Any CPU.ActiveCfg = Release|Any CPU
		{846EFD34-0C6F-4AEF-9717-0A81932E25D9}.Release|Any CPU.Build.0 = Release|Any CPU
		{846EFD34-0C6F-4AEF-9717-0A81932E25D9}.Test|Any CPU.ActiveCfg = Release|Any CPU
		{846EFD34-0C6F-4AEF-9717-0A81932E25D9}.Test|Any CPU.Build.0 = Release|Any CPU
		{058F58C9-E5DA-4D52-85AE-E6E174C4D342}.Debug|Any CPU.ActiveCfg = Debug|Any CPU
		{058F58C9-E5DA-4D52-85AE-E6E174C4D342}.Debug|Any CPU.Build.0 = Debug|Any CPU
		{058F58C9-E5DA-4D52-85AE-E6E174C4D342}.Release|Any CPU.ActiveCfg = Release|Any CPU
		{058F58C9-E5DA-4D52-85AE-E6E174C4D342}.Release|Any CPU.Build.0 = Release|Any CPU
		{058F58C9-E5DA-4D52-85AE-E6E174C4D342}.Test|Any CPU.ActiveCfg = Test|Any CPU
		{058F58C9-E5DA-4D52-85AE-E6E174C4D342}.Test|Any CPU.Build.0 = Test|Any CPU
		{48D86BDB-7345-4BAE-B6D6-98526070B161}.Debug|Any CPU.ActiveCfg = Debug|Any CPU
		{48D86BDB-7345-4BAE-B6D6-98526070B161}.Debug|Any CPU.Build.0 = Debug|Any CPU
		{48D86BDB-7345-4BAE-B6D6-98526070B161}.Release|Any CPU.ActiveCfg = Release|Any CPU
		{48D86BDB-7345-4BAE-B6D6-98526070B161}.Release|Any CPU.Build.0 = Release|Any CPU
		{48D86BDB-7345-4BAE-B6D6-98526070B161}.Test|Any CPU.ActiveCfg = Release|Any CPU
		{48D86BDB-7345-4BAE-B6D6-98526070B161}.Test|Any CPU.Build.0 = Release|Any CPU
	EndGlobalSection
	GlobalSection(SolutionProperties) = preSolution
		HideSolutionNode = FALSE
	EndGlobalSection
EndGlobal
